
Microsoft Visual Studio Solution File, Format Version 12.00
# Visual Studio Version 18
VisualStudioVersion = 18.6.11819.183 stable
MinimumVisualStudioVersion = 10.0.40219.1
Project("{FAE04EC0-301F-11D3-BF4B-00C04F79EFBC}") = "NexumAltivon.ERP", "NexumAltivon.ERP.csproj", "{3230EDE6-E3B4-988C-96E2-097A3C93C7CA}"
EndProject
Global
	GlobalSection(SolutionConfigurationPlatforms) = preSolution
		Debug|Any CPU = Debug|Any CPU
		Release|Any CPU = Release|Any CPU
	EndGlobalSection
	GlobalSection(ProjectConfigurationPlatforms) = postSolution
		{3230EDE6-E3B4-988C-96E2-097A3C93C7CA}.Debug|Any CPU.ActiveCfg = Debug|Any CPU
		{3230EDE6-E3B4-988C-96E2-097A3C93C7CA}.Debug|Any CPU.Build.0 = Debug|Any CPU
		{3230EDE6-E3B4-988C-96E2-097A3C93C7CA}.Release|Any CPU.ActiveCfg = Release|Any CPU
		{3230EDE6-E3B4-988C-96E2-097A3C93C7CA}.Release|Any CPU.Build.0 = Release|Any CPU
	EndGlobalSection
	GlobalSection(SolutionProperties) = preSolution
		HideSolutionNode = FALSE
	EndGlobalSection
	GlobalSection(ExtensibilityGlobals) = postSolution
		SolutionGuid = {A4D6AE40-D317-42ED-95C6-784D945EF426}
	EndGlobalSection
EndGlobal
